
Microsoft Visual Studio Solution File, Format Version 12.00
# Visual Studio Version 16
VisualStudioVersion = 16.0.31702.278
MinimumVisualStudioVersion = 10.0.40219.1
Project("{FAE04EC0-301F-11D3-BF4B-00C04F79EFBC}") = "CancionesWebAPI.Prueba", "CancionesWebAPI.Prueba.csproj", "{D05A1E8D-6EEE-4F8E-8D0E-A14F8FFBD5AF}"
EndProject
Global
	GlobalSection(SolutionConfigurationPlatforms) = preSolution
		Debug|Any CPU = Debug|Any CPU
		Release|Any CPU = Release|Any CPU
	EndGlobalSection
	GlobalSection(ProjectConfigurationPlatforms) = postSolution
		{D05A1E8D-6EEE-4F8E-8D0E-A14F8FFBD5AF}.Debug|Any CPU.ActiveCfg = Debug|Any CPU
		{D05A1E8D-6EEE-4F8E-8D0E-A14F8FFBD5AF}.Debug|Any CPU.Build.0 = Debug|Any CPU
		{D05A1E8D-6EEE-4F8E-8D0E-A14F8FFBD5AF}.Release|Any CPU.ActiveCfg = Release|Any CPU
		{D05A1E8D-6EEE-4F8E-8D0E-A14F8FFBD5AF}.Release|Any CPU.Build.0 = Release|Any CPU
	EndGlobalSection
	GlobalSection(SolutionProperties) = preSolution
		HideSolutionNode = FALSE
	EndGlobalSection
	GlobalSection(ExtensibilityGlobals) = postSolution
		SolutionGuid = {49887B8E-B9FC-4C21-BAAE-5FC2AE83D6A8}
	EndGlobalSection
EndGlobal
